
Microsoft Visual Studio Solution File, Format Version 12.00
# Visual Studio Version 17
VisualStudioVersion = 17.0.32126.317
MinimumVisualStudioVersion = 10.0.40219.1
Project("{FAE04EC0-301F-11D3-BF4B-00C04F79EFBC}") = "Raster algorithms", "Raster algorithms\Raster algorithms.csproj", "{3871B64E-45C1-4184-80A4-EADA2A572DAE}"
EndProject
Global
	GlobalSection(SolutionConfigurationPlatforms) = preSolution
		Debug|Any CPU = Debug|Any CPU
		Release|Any CPU = Release|Any CPU
	EndGlobalSection
	GlobalSection(ProjectConfigurationPlatforms) = postSolution
		{3871B64E-45C1-4184-80A4-EADA2A572DAE}.Debug|Any CPU.ActiveCfg = Debug|Any CPU
		{3871B64E-45C1-4184-80A4-EADA2A572DAE}.Debug|Any CPU.Build.0 = Debug|Any CPU
		{3871B64E-45C1-4184-80A4-EADA2A572DAE}.Release|Any CPU.ActiveCfg = Release|Any CPU
		{3871B64E-45C1-4184-80A4-EADA2A572DAE}.Release|Any CPU.Build.0 = Release|Any CPU
	EndGlobalSection
	GlobalSection(SolutionProperties) = preSolution
		HideSolutionNode = FALSE
	EndGlobalSection
	GlobalSection(ExtensibilityGlobals) = postSolution
		SolutionGuid = {50BDDE1E-F006-42B7-97F7-3B2BB539935A}
	EndGlobalSection
EndGlobal
